// !$*UTF8*$!
{
	archiveVersion = 1;
	classes = {
	};
	objectVersion = 46;
	objects = {

/* Begin PBXBuildFile section */
		AD3EC68E190E3FA8006905FD /* Foundation.framework in Frameworks */ = {isa = PBXBuildFile; fileRef = AD3EC68D190E3FA8006905FD /* Foundation.framework */; };
		AD3EC690190E3FA8006905FD /* CoreGraphics.framework in Frameworks */ = {isa = PBXBuildFile; fileRef = AD3EC68F190E3FA8006905FD /* CoreGraphics.framework */; };
		AD3EC692190E3FA8006905FD /* UIKit.framework in Frameworks */ = {isa = PBXBuildFile; fileRef = AD3EC691190E3FA8006905FD /* UIKit.framework */; };
		AD3EC698190E3FA8006905FD /* InfoPlist.strings in Resources */ = {isa = PBXBuildFile; fileRef = AD3EC696190E3FA8006905FD /* InfoPlist.strings */; };
		AD3EC69A190E3FA8006905FD /* main.m in Sources */ = {isa = PBXBuildFile; fileRef = AD3EC699190E3FA8006905FD /* main.m */; };
		AD3EC69E190E3FA8006905FD /* AppDelegate.m in Sources */ = {isa = PBXBuildFile; fileRef = AD3EC69D190E3FA8006905FD /* AppDelegate.m */; };
		AD3EC6A0190E3FA8006905FD /* Images.xcassets in Resources */ = {isa = PBXBuildFile; fileRef = AD3EC69F190E3FA8006905FD /* Images.xcassets */; };
		AD3EC6A7190E3FA8006905FD /* XCTest.framework in Frameworks */ = {isa = PBXBuildFile; fileRef = AD3EC6A6190E3FA8006905FD /* XCTest.framework */; };
		AD3EC6A8190E3FA8006905FD /* Foundation.framework in Frameworks */ = {isa = PBXBuildFile; fileRef = AD3EC68D190E3FA8006905FD /* Foundation.framework */; };
		AD3EC6A9190E3FA8006905FD /* UIKit.framework in Frameworks */ = {isa = PBXBuildFile; fileRef = AD3EC691190E3FA8006905FD /* UIKit.framework */; };
		AD3EC6B1190E3FA8006905FD /* InfoPlist.strings in Resources */ = {isa = PBXBuildFile; fileRef = AD3EC6AF190E3FA8006905FD /* InfoPlist.strings */; };
		AD3EC6B3190E3FA8006905FD /* RealTimeChatExampleTests.m in Sources */ = {isa = PBXBuildFile; fileRef = AD3EC6B2190E3FA8006905FD /* RealTimeChatExampleTests.m */; };
/* End PBXBuildFile section */

/* Begin PBXContainerItemProxy section */
		AD3EC6AA190E3FA8006905FD /* PBXContainerItemProxy */ = {
			isa = PBXContainerItemProxy;
			containerPortal = AD3EC682190E3FA7006905FD /* Project object */;
			proxyType = 1;
			remoteGlobalIDString = AD3EC689190E3FA7006905FD;
			remoteInfo = RealTimeChatExample;
		};
/* End PBXContainerItemProxy section */

/* Begin PBXFileReference section */
		AD3EC68A190E3FA8006905FD /* RealTimeChatExample.app */ = {isa = PBXFileReference; explicitFileType = wrapper.application; includeInIndex = 0; path = RealTimeChatExample.app; sourceTree = BUILT_PRODUCTS_DIR; };
		AD3EC68D190E3FA8006905FD /* Foundation.framework */ = {isa = PBXFileReference; lastKnownFileType = wrapper.framework; name = Foundation.framework; path = System/Library/Frameworks/Foundation.framework; sourceTree = SDKROOT; };
		AD3EC68F190E3FA8006905FD /* CoreGraphics.framework */ = {isa = PBXFileReference; lastKnownFileType = wrapper.framework; name = CoreGraphics.framework; path = System/Library/Frameworks/CoreGraphics.framework; sourceTree = SDKROOT; };
		AD3EC691190E3FA8006905FD /* UIKit.framework */ = {isa = PBXFileReference; lastKnownFileType = wrapper.framework; name = UIKit.framework; path = System/Library/Frameworks/UIKit.framework; sourceTree = SDKROOT; };
		AD3EC695190E3FA8006905FD /* RealTimeChatExample-Info.plist */ = {isa = PBXFileReference; lastKnownFileType = text.plist.xml; path = "RealTimeChatExample-Info.plist"; sourceTree = "<group>"; };
		AD3EC697190E3FA8006905FD /* en */ = {isa = PBXFileReference; lastKnownFileType = text.plist.strings; name = en; path = en.lproj/InfoPlist.strings; sourceTree = "<group>"; };
		AD3EC699190E3FA8006905FD /* main.m */ = {isa = PBXFileReference; lastKnownFileType = sourcecode.c.objc; path = main.m; sourceTree = "<group>"; };
		AD3EC69B190E3FA8006905FD /* RealTimeChatExample-Prefix.pch */ = {isa = PBXFileReference; lastKnownFileType = sourcecode.c.h; path = "RealTimeChatExample-Prefix.pch"; sourceTree = "<group>"; };
		AD3EC69C190E3FA8006905FD /* AppDelegate.h */ = {isa = PBXFileReference; lastKnownFileType = sourcecode.c.h; path = AppDelegate.h; sourceTree = "<group>"; };
		AD3EC69D190E3FA8006905FD /* AppDelegate.m */ = {isa = PBXFileReference; lastKnownFileType = sourcecode.c.objc; path = AppDelegate.m; sourceTree = "<group>"; };
		AD3EC69F190E3FA8006905FD /* Images.xcassets */ = {isa = PBXFileReference; lastKnownFileType = folder.assetcatalog; path = Images.xcassets; sourceTree = "<group>"; };
		AD3EC6A5190E3FA8006905FD /* RealTimeChatExampleTests.xctest */ = {isa = PBXFileReference; explicitFileType = wrapper.cfbundle; includeInIndex = 0; path = RealTimeChatExampleTests.xctest; sourceTree = BUILT_PRODUCTS_DIR; };
		AD3EC6A6190E3FA8006905FD /* XCTest.framework */ = {isa = PBXFileReference; lastKnownFileType = wrapper.framework; name = XCTest.framework; path = Library/Frameworks/XCTest.framework; sourceTree = DEVELOPER_DIR; };
		AD3EC6AE190E3FA8006905FD /* RealTimeChatExampleTests-Info.plist */ = {isa = PBXFileReference; lastKnownFileType = text.plist.xml; path = "RealTimeChatExampleTests-Info.plist"; sourceTree = "<group>"; };
		AD3EC6B0190E3FA8006905FD /* en */ = {isa = PBXFileReference; lastKnownFileType = text.plist.strings; name = en; path = en.lproj/InfoPlist.strings; sourceTree = "<group>"; };
		AD3EC6B2190E3FA8006905FD /* RealTimeChatExampleTests.m */ = {isa = PBXFileReference; lastKnownFileType = sourcecode.c.objc; path = RealTimeChatExampleTests.m; sourceTree = "<group>"; };
/* End PBXFileReference section */

/* Begin PBXFrameworksBuildPhase section */
		AD3EC687190E3FA7006905FD /* Frameworks */ = {
			isa = PBXFrameworksBuildPhase;
			buildActionMask = 2147483647;
			files = (
				AD3EC690190E3FA8006905FD /* CoreGraphics.framework in Frameworks */,
				AD3EC692190E3FA8006905FD /* UIKit.framework in Frameworks */,
				AD3EC68E190E3FA8006905FD /* Foundation.framework in Frameworks */,
			);
			runOnlyForDeploymentPostprocessing = 0;
		};
		AD3EC6A2190E3FA8006905FD /* Frameworks */ = {
			isa = PBXFrameworksBuildPhase;
			buildActionMask = 2147483647;
			files = (
				AD3EC6A7190E3FA8006905FD /* XCTest.framework in Frameworks */,
				AD3EC6A9190E3FA8006905FD /* UIKit.framework in Frameworks */,
				AD3EC6A8190E3FA8006905FD /* Foundation.framework in Frameworks */,
			);
			runOnlyForDeploymentPostprocessing = 0;
		};
/* End PBXFrameworksBuildPhase section */

/* Begin PBXGroup section */
		AD3EC681190E3FA7006905FD = {
			isa = PBXGroup;
			children = (
				AD3EC693190E3FA8006905FD /* RealTimeChatExample */,
				AD3EC6AC190E3FA8006905FD /* RealTimeChatExampleTests */,
				AD3EC68C190E3FA8006905FD /* Frameworks */,
				AD3EC68B190E3FA8006905FD /* Products */,
			);
			sourceTree = "<group>";
		};
		AD3EC68B190E3FA8006905FD /* Products */ = {
			isa = PBXGroup;
			children = (
				AD3EC68A190E3FA8006905FD /* RealTimeChatExample.app */,
				AD3EC6A5190E3FA8006905FD /* RealTimeChatExampleTests.xctest */,
			);
			name = Products;
			sourceTree = "<group>";
		};
		AD3EC68C190E3FA8006905FD /* Frameworks */ = {
			isa = PBXGroup;
			children = (
				AD3EC68D190E3FA8006905FD /* Foundation.framework */,
				AD3EC68F190E3FA8006905FD /* CoreGraphics.framework */,
				AD3EC691190E3FA8006905FD /* UIKit.framework */,
				AD3EC6A6190E3FA8006905FD /* XCTest.framework */,
			);
			name = Frameworks;
			sourceTree = "<group>";
		};
		AD3EC693190E3FA8006905FD /* RealTimeChatExample */ = {
			isa = PBXGroup;
			children = (
				AD3EC69C190E3FA8006905FD /* AppDelegate.h */,
				AD3EC69D190E3FA8006905FD /* AppDelegate.m */,
				AD3EC69F190E3FA8006905FD /* Images.xcassets */,
				AD3EC694190E3FA8006905FD /* Supporting Files */,
			);
			path = RealTimeChatExample;
			sourceTree = "<group>";
		};
		AD3EC694190E3FA8006905FD /* Supporting Files */ = {
			isa = PBXGroup;
			children = (
				AD3EC695190E3FA8006905FD /* RealTimeChatExample-Info.plist */,
				AD3EC696190E3FA8006905FD /* InfoPlist.strings */,
				AD3EC699190E3FA8006905FD /* main.m */,
				AD3EC69B190E3FA8006905FD /* RealTimeChatExample-Prefix.pch */,
			);
			name = "Supporting Files";
			sourceTree = "<group>";
		};
		AD3EC6AC190E3FA8006905FD /* RealTimeChatExampleTests */ = {
			isa = PBXGroup;
			children = (
				AD3EC6B2190E3FA8006905FD /* RealTimeChatExampleTests.m */,
				AD3EC6AD190E3FA8006905FD /* Supporting Files */,
			);
			path = RealTimeChatExampleTests;
			sourceTree = "<group>";
		};
		AD3EC6AD190E3FA8006905FD /* Supporting Files */ = {
			isa = PBXGroup;
			children = (
				AD3EC6AE190E3FA8006905FD /* RealTimeChatExampleTests-Info.plist */,
				AD3EC6AF190E3FA8006905FD /* InfoPlist.strings */,
			);
			name = "Supporting Files";
			sourceTree = "<group>";
		};
/* End PBXGroup section */

/* Begin PBXNativeTarget section */
		AD3EC689190E3FA7006905FD /* RealTimeChatExample */ = {
			isa = PBXNativeTarget;
			buildConfigurationList = AD3EC6B6190E3FA8006905FD /* Build configuration list for PBXNativeTarget "RealTimeChatExample" */;
			buildPhases = (
				AD3EC686190E3FA7006905FD /* Sources */,
				AD3EC687190E3FA7006905FD /* Frameworks */,
				AD3EC688190E3FA7006905FD /* Resources */,
			);
			buildRules = (
			);
			dependencies = (
			);
			name = RealTimeChatExample;
			productName = RealTimeChatExample;
			productReference = AD3EC68A190E3FA8006905FD /* RealTimeChatExample.app */;
			productType = "com.apple.product-type.application";
		};
		AD3EC6A4190E3FA8006905FD /* RealTimeChatExampleTests */ = {
			isa = PBXNativeTarget;
			buildConfigurationList = AD3EC6B9190E3FA8006905FD /* Build configuration list for PBXNativeTarget "RealTimeChatExampleTests" */;
			buildPhases = (
				AD3EC6A1190E3FA8006905FD /* Sources */,
				AD3EC6A2190E3FA8006905FD /* Frameworks */,
				AD3EC6A3190E3FA8006905FD /* Resources */,
			);
			buildRules = (
			);
			dependencies = (
				AD3EC6AB190E3FA8006905FD /* PBXTargetDependency */,
			);
			name = RealTimeChatExampleTests;
			productName = RealTimeChatExampleTests;
			productReference = AD3EC6A5190E3FA8006905FD /* RealTimeChatExampleTests.xctest */;
			productType = "com.apple.product-type.bundle.unit-test";
		};
/* End PBXNativeTarget section */

/* Begin PBXProject section */
		AD3EC682190E3FA7006905FD /* Project object */ = {
			isa = PBXProject;
			attributes = {
				LastUpgradeCheck = 0510;
				ORGANIZATIONNAME = SkyStarStudio;
				TargetAttributes = {
					AD3EC6A4190E3FA8006905FD = {
						TestTargetID = AD3EC689190E3FA7006905FD;
					};
				};
			};
			buildConfigurationList = AD3EC685190E3FA7006905FD /* Build configuration list for PBXProject "RealTimeChatExample" */;
			compatibilityVersion = "Xcode 3.2";
			developmentRegion = English;
			hasScannedForEncodings = 0;
			knownRegions = (
				en,
			);
			mainGroup = AD3EC681190E3FA7006905FD;
			productRefGroup = AD3EC68B190E3FA8006905FD /* Products */;
			projectDirPath = "";
			projectRoot = "";
			targets = (
				AD3EC689190E3FA7006905FD /* RealTimeChatExample */,
				AD3EC6A4190E3FA8006905FD /* RealTimeChatExampleTests */,
			);
		};
/* End PBXProject section */

/* Begin PBXResourcesBuildPhase section */
		AD3EC688190E3FA7006905FD /* Resources */ = {
			isa = PBXResourcesBuildPhase;
			buildActionMask = 2147483647;
			files = (
				AD3EC698190E3FA8006905FD /* InfoPlist.strings in Resources */,
				AD3EC6A0190E3FA8006905FD /* Images.xcassets in Resources */,
			);
			runOnlyForDeploymentPostprocessing = 0;
		};
		AD3EC6A3190E3FA8006905FD /* Resources */ = {
			isa = PBXResourcesBuildPhase;
			buildActionMask = 2147483647;
			files = (
				AD3EC6B1190E3FA8006905FD /* InfoPlist.strings in Resources */,
			);
			runOnlyForDeploymentPostprocessing = 0;
		};
/* End PBXResourcesBuildPhase section */

/* Begin PBXSourcesBuildPhase section */
		AD3EC686190E3FA7006905FD /* Sources */ = {
			isa = PBXSourcesBuildPhase;
			buildActionMask = 2147483647;
			files = (
				AD3EC69E190E3FA8006905FD /* AppDelegate.m in Sources */,
				AD3EC69A190E3FA8006905FD /* main.m in Sources */,
			);
			runOnlyForDeploymentPostprocessing = 0;
		};
		AD3EC6A1190E3FA8006905FD /* Sources */ = {
			isa = PBXSourcesBuildPhase;
			buildActionMask = 2147483647;
			files = (
				AD3EC6B3190E3FA8006905FD /* RealTimeChatExampleTests.m in Sources */,
			);
			runOnlyForDeploymentPostprocessing = 0;
		};
/* End PBXSourcesBuildPhase section */

/* Begin PBXTargetDependency section */
		AD3EC6AB190E3FA8006905FD /* PBXTargetDependency */ = {
			isa = PBXTargetDependency;
			target = AD3EC689190E3FA7006905FD /* RealTimeChatExample */;
			targetProxy = AD3EC6AA190E3FA8006905FD /* PBXContainerItemProxy */;
		};
/* End PBXTargetDependency section */

/* Begin PBXVariantGroup section */
		AD3EC696190E3FA8006905FD /* InfoPlist.strings */ = {
			isa = PBXVariantGroup;
			children = (
				AD3EC697190E3FA8006905FD /* en */,
			);
			name = InfoPlist.strings;
			sourceTree = "<group>";
		};
		AD3EC6AF190E3FA8006905FD /* InfoPlist.strings */ = {
			isa = PBXVariantGroup;
			children = (
				AD3EC6B0190E3FA8006905FD /* en */,
			);
			name = InfoPlist.strings;
			sourceTree = "<group>";
		};
/* End PBXVariantGroup section */

/* Begin XCBuildConfiguration section */
		AD3EC6B4190E3FA8006905FD /* Debug */ = {
			isa = XCBuildConfiguration;
			buildSettings = {
				ALWAYS_SEARCH_USER_PATHS = NO;
				CLANG_CXX_LANGUAGE_STANDARD = "gnu++0x";
				CLANG_CXX_LIBRARY = "libc++";
				CLANG_ENABLE_MODULES = YES;
				CLANG_ENABLE_OBJC_ARC = YES;
				CLANG_WARN_BOOL_CONVERSION = YES;
				CLANG_WARN_CONSTANT_CONVERSION = YES;
				CLANG_WARN_DIRECT_OBJC_ISA_USAGE = YES_ERROR;
				CLANG_WARN_EMPTY_BODY = YES;
				CLANG_WARN_ENUM_CONVERSION = YES;
				CLANG_WARN_INT_CONVERSION = YES;
				CLANG_WARN_OBJC_ROOT_CLASS = YES_ERROR;
				CLANG_WARN__DUPLICATE_METHOD_MATCH = YES;
				"CODE_SIGN_IDENTITY[sdk=iphoneos*]" = "iPhone Developer";
				COPY_PHASE_STRIP = NO;
				GCC_C_LANGUAGE_STANDARD = gnu99;
				GCC_DYNAMIC_NO_PIC = NO;
				GCC_OPTIMIZATION_LEVEL = 0;
				GCC_PREPROCESSOR_DEFINITIONS = (
					"DEBUG=1",
					"$(inherited)",
				);
				GCC_SYMBOLS_PRIVATE_EXTERN = NO;
				GCC_WARN_64_TO_32_BIT_CONVERSION = YES;
				GCC_WARN_ABOUT_RETURN_TYPE = YES_ERROR;
				GCC_WARN_UNDECLARED_SELECTOR = YES;
				GCC_WARN_UNINITIALIZED_AUTOS = YES_AGGRESSIVE;
				GCC_WARN_UNUSED_FUNCTION = YES;
				GCC_WARN_UNUSED_VARIABLE = YES;
				IPHONEOS_DEPLOYMENT_TARGET = 7.1;
				ONLY_ACTIVE_ARCH = YES;
				SDKROOT = iphoneos;
			};
			name = Debug;
		};
		AD3EC6B5190E3FA8006905FD /* Release */ = {
			isa = XCBuildConfiguration;
			buildSettings = {
				ALWAYS_SEARCH_USER_PATHS = NO;
				CLANG_CXX_LANGUAGE_STANDARD = "gnu++0x";
				CLANG_CXX_LIBRARY = "libc++";
				CLANG_ENABLE_MODULES = YES;
				CLANG_ENABLE_OBJC_ARC = YES;
				CLANG_WARN_BOOL_CONVERSION = YES;
				CLANG_WARN_CONSTANT_CONVERSION = YES;
				CLANG_WARN_DIRECT_OBJC_ISA_USAGE = YES_ERROR;
				CLANG_WARN_EMPTY_BODY = YES;
				CLANG_WARN_ENUM_CONVERSION = YES;
				CLANG_WARN_INT_CONVERSION = YES;
				CLANG_WARN_OBJC_ROOT_CLASS = YES_ERROR;
				CLANG_WARN__DUPLICATE_METHOD_MATCH = YES;
				"CODE_SIGN_IDENTITY[sdk=iphoneos*]" = "iPhone Developer";
				COPY_PHASE_STRIP = YES;
				ENABLE_NS_ASSERTIONS = NO;
				GCC_C_LANGUAGE_STANDARD = gnu99;
				GCC_WARN_64_TO_32_BIT_CONVERSION = YES;
				GCC_WARN_ABOUT_RETURN_TYPE = YES_ERROR;
				GCC_WARN_UNDECLARED_SELECTOR = YES;
				GCC_WARN_UNINITIALIZED_AUTOS = YES_AGGRESSIVE;
				GCC_WARN_UNUSED_FUNCTION = YES;
				GCC_WARN_UNUSED_VARIABLE = YES;
				IPHONEOS_DEPLOYMENT_TARGET = 7.1;
				SDKROOT = iphoneos;
				VALIDATE_PRODUCT = YES;
			};
			name = Release;
		};
		AD3EC6B7190E3FA8006905FD /* Debug */ = {
			isa = XCBuildConfiguration;
			buildSettings = {
				ASSETCATALOG_COMPILER_APPICON_NAME = AppIcon;
				ASSETCATALOG_COMPILER_LAUNCHIMAGE_NAME = LaunchImage;
				GCC_PRECOMPILE_PREFIX_HEADER = YES;
				GCC_PREFIX_HEADER = "RealTimeChatExample/RealTimeChatExample-Prefix.pch";
				INFOPLIST_FILE = "RealTimeChatExample/RealTimeChatExample-Info.plist";
				PRODUCT_NAME = "$(TARGET_NAME)";
				WRAPPER_EXTENSION = app;
			};
			name = Debug;
		};
		AD3EC6B8190E3FA8006905FD /* Release */ = {
			isa = XCBuildConfiguration;
			buildSettings = {
				ASSETCATALOG_COMPILER_APPICON_NAME = AppIcon;
				ASSETCATALOG_COMPILER_LAUNCHIMAGE_NAME = LaunchImage;
				GCC_PRECOMPILE_PREFIX_HEADER = YES;
				GCC_PREFIX_HEADER = "RealTimeChatExample/RealTimeChatExample-Prefix.pch";
				INFOPLIST_FILE = "RealTimeChatExample/RealTimeChatExample-Info.plist";
				PRODUCT_NAME = "$(TARGET_NAME)";
				WRAPPER_EXTENSION = app;
			};
			name = Release;
		};
		AD3EC6BA190E3FA8006905FD /* Debug */ = {
			isa = XCBuildConfiguration;
			buildSettings = {
				BUNDLE_LOADER = "$(BUILT_PRODUCTS_DIR)/RealTimeChatExample.app/RealTimeChatExample";
				FRAMEWORK_SEARCH_PATHS = (
					"$(SDKROOT)/Developer/Library/Frameworks",
					"$(inherited)",
					"$(DEVELOPER_FRAMEWORKS_DIR)",
				);
				GCC_PRECOMPILE_PREFIX_HEADER = YES;
				GCC_PREFIX_HEADER = "RealTimeChatExample/RealTimeChatExample-Prefix.pch";
				GCC_PREPROCESSOR_DEFINITIONS = (
					"DEBUG=1",
					"$(inherited)",
				);
				INFOPLIST_FILE = "RealTimeChatExampleTests/RealTimeChatExampleTests-Info.plist";
				PRODUCT_NAME = "$(TARGET_NAME)";
				TEST_HOST = "$(BUNDLE_LOADER)";
				WRAPPER_EXTENSION = xctest;
			};
			name = Debug;
		};
		AD3EC6BB190E3FA8006905FD /* Release */ = {
			isa = XCBuildConfiguration;
			buildSettings = {
				BUNDLE_LOADER = "$(BUILT_PRODUCTS_DIR)/RealTimeChatExample.app/RealTimeChatExample";
				FRAMEWORK_SEARCH_PATHS = (
					"$(SDKROOT)/Developer/Library/Frameworks",
					"$(inherited)",
					"$(DEVELOPER_FRAMEWORKS_DIR)",
				);
				GCC_PRECOMPILE_PREFIX_HEADER = YES;
				GCC_PREFIX_HEADER = "RealTimeChatExample/RealTimeChatExample-Prefix.pch";
				INFOPLIST_FILE = "RealTimeChatExampleTests/RealTimeChatExampleTests-Info.plist";
				PRODUCT_NAME = "$(TARGET_NAME)";
				TEST_HOST = "$(BUNDLE_LOADER)";
				WRAPPER_EXTENSION = xctest;
			};
			name = Release;
		};
/* End XCBuildConfiguration section */

/* Begin XCConfigurationList section */
		AD3EC685190E3FA7006905FD /* Build configuration list for PBXProject "RealTimeChatExample" */ = {
			isa = XCConfigurationList;
			buildConfigurations = (
				AD3EC6B4190E3FA8006905FD /* Debug */,
				AD3EC6B5190E3FA8006905FD /* Release */,
			);
			defaultConfigurationIsVisible = 0;
			defaultConfigurationName = Release;
		};
		AD3EC6B6190E3FA8006905FD /* Build configuration list for PBXNativeTarget "RealTimeChatExample" */ = {
			isa = XCConfigurationList;
			buildConfigurations = (
				AD3EC6B7190E3FA8006905FD /* Debug */,
				AD3EC6B8190E3FA8006905FD /* Release */,
			);
			defaultConfigurationIsVisible = 0;
		};
		AD3EC6B9190E3FA8006905FD /* Build configuration list for PBXNativeTarget "RealTimeChatExampleTests" */ = {
			isa = XCConfigurationList;
			buildConfigurations = (
				AD3EC6BA190E3FA8006905FD /* Debug */,
				AD3EC6BB190E3FA8006905FD /* Release */,
			);
			defaultConfigurationIsVisible = 0;
		};
/* End XCConfigurationList section */
	};
	rootObject = AD3EC682190E3FA7006905FD /* Project object */;
}
